# THIS IS AN AUTOGENERATED FILE. DO NOT EDIT THIS FILE DIRECTLY.
# yarn lockfile v1


classnames@^2.2.3:
  version "2.2.6"
  resolved "https://registry.yarnpkg.com/classnames/-/classnames-2.2.6.tgz#43935bffdd291f326dad0a205309b38d00f650ce"
  integrity sha512-JR/iSQOSt+LQIWwrwEzJ9uk0xfN3mTVYMwt1Ir5mUcSN6pU+V4zQFFaJsclJbPuAUQH+yfWef6tm7l1quW3C8Q==

loaders.css@^0.1.2:
  version "0.1.2"
  resolved "https://registry.yarnpkg.com/loaders.css/-/loaders.css-0.1.2.tgz#3a9fb43726c73334a38142af9d0629019b658743"
  integrity sha1-Op+0NybHMzSjgUKvnQYpAZtlh0M=

react-loaders@^3.0.1:
  version "3.0.1"
  resolved "https://registry.yarnpkg.com/react-loaders/-/react-loaders-3.0.1.tgz#963ad7adefe530b24b1ed13faf4645134cf09a0e"
  integrity sha512-4igMNqs9Fb3d4Z+0UHIGQNJsw/37gX0nUO8QxupnEKRn1dtyYC1LGwk5GuaoDciMQCQc/MmPwb4Fn6ZfdoX1FQ==
  dependencies:
    classnames "^2.2.3"
