# THIS IS AN AUTOGENERATED FILE. DO NOT EDIT THIS FILE DIRECTLY.
# yarn lockfile v1


"@types/js-cookie@^2.2.0":
  version "2.2.0"
  resolved "https://registry.yarnpkg.com/@types/js-cookie/-/js-cookie-2.2.0.tgz#ae2eabaa4bc892ba553c664cca21e6ee5224e5b5"
  integrity sha512-k0umv2jvUvl1/OdOgFwEIPF6qKllf2jEsrd5ka9aVQo2ilxaBb2vsh1AmAAZ3eqt54vNrdbGW5QPOKJBmCNS7g==
