# THIS IS AN AUTOGENERATED FILE. DO NOT EDIT THIS FILE DIRECTLY.
# yarn lockfile v1


"@types/moment-timezone@^0.5.9":
  version "0.5.9"
  resolved "https://registry.yarnpkg.com/@types/moment-timezone/-/moment-timezone-0.5.9.tgz#1a34ef6ba2e4578b9ca399ed5eec57525ad1d4a7"
  integrity sha512-tBf1QR8xAayQfI1xD+SMSNDMxi+aCYKEhjgVXTZt3sgxS2XusNX3jM6jJbFoY/ar1CK/PaYJoPkWs/mwcwgOqw==
  dependencies:
    moment ">=2.14.0"

"@types/node@^10.12.0":
  version "10.12.0"
  resolved "https://registry.yarnpkg.com/@types/node/-/node-10.12.0.tgz#ea6dcbddbc5b584c83f06c60e82736d8fbb0c235"
  integrity sha512-3TUHC3jsBAB7qVRGxT6lWyYo2v96BMmD2PTcl47H25Lu7UXtFH/2qqmKiVrnel6Ne//0TFYf6uvNX+HW2FRkLQ==

moment-timezone@^0.5.21:
  version "0.5.21"
  resolved "https://registry.yarnpkg.com/moment-timezone/-/moment-timezone-0.5.21.tgz#3cba247d84492174dbf71de2a9848fa13207b845"
  integrity sha512-j96bAh4otsgj3lKydm3K7kdtA3iKf2m6MY2iSYCzCm5a1zmHo1g+aK3068dDEeocLZQIS9kU8bsdQHLqEvgW0A==
  dependencies:
    moment ">= 2.9.0"

"moment@>= 2.9.0", moment@>=2.14.0:
  version "2.22.2"
  resolved "https://registry.yarnpkg.com/moment/-/moment-2.22.2.tgz#3c257f9839fc0e93ff53149632239eb90783ff66"
  integrity sha1-PCV/mDn8DpP/UxSWMiOeuQeD/2Y=

node-bin-setup@^1.0.0:
  version "1.0.6"
  resolved "https://registry.yarnpkg.com/node-bin-setup/-/node-bin-setup-1.0.6.tgz#4b5c9bb937ece702d7069b36ca78af4684677528"
  integrity sha512-uPIxXNis1CRbv1DwqAxkgBk5NFV3s7cMN/Gf556jSw6jBvV7ca4F9lRL/8cALcZecRibeqU+5dFYqFFmzv5a0Q==

node@^10.12.0:
  version "10.12.0"
  resolved "https://registry.yarnpkg.com/node/-/node-10.12.0.tgz#72dbd553b9fc7550a66e774b89c71c34435e2e08"
  integrity sha512-PJy1yLeYS9bYoYora/9jIQSUBCkw1XCS3AfMIYCJJVKq2xyLmDLyHv1rYDwNxXdkjoJusPQoW65H1gvrxQNq+Q==
  dependencies:
    node-bin-setup "^1.0.0"
